
Microsoft Visual Studio Solution File, Format Version 12.00
# Visual Studio Version 17
VisualStudioVersion = 17.4.33213.308
MinimumVisualStudioVersion = 10.0.40219.1
Project("{FAE04EC0-301F-11D3-BF4B-00C04F79EFBC}") = "Proyecto_Pizzeria", "Proyecto_Pizzeria\Proyecto_Pizzeria.csproj", "{042F2CB1-3D12-4E4A-99DD-956B2A1EEF6E}"
EndProject
Global
	GlobalSection(SolutionConfigurationPlatforms) = preSolution
		Debug|Any CPU = Debug|Any CPU
		Release|Any CPU = Release|Any CPU
	EndGlobalSection
	GlobalSection(ProjectConfigurationPlatforms) = postSolution
		{042F2CB1-3D12-4E4A-99DD-956B2A1EEF6E}.Debug|Any CPU.ActiveCfg = Debug|Any CPU
		{042F2CB1-3D12-4E4A-99DD-956B2A1EEF6E}.Debug|Any CPU.Build.0 = Debug|Any CPU
		{042F2CB1-3D12-4E4A-99DD-956B2A1EEF6E}.Release|Any CPU.ActiveCfg = Release|Any CPU
		{042F2CB1-3D12-4E4A-99DD-956B2A1EEF6E}.Release|Any CPU.Build.0 = Release|Any CPU
	EndGlobalSection
	GlobalSection(SolutionProperties) = preSolution
		HideSolutionNode = FALSE
	EndGlobalSection
	GlobalSection(ExtensibilityGlobals) = postSolution
		SolutionGuid = {FE4A49AE-013A-47B1-B097-0B85CFB41F3E}
	EndGlobalSection
EndGlobal
